Microsoft Visual Studio Solution File, Format Version 11.00
# Visual Studio 2008

Project("{C7176C85-76DD-28CE-1BBF-15474BF4EC1A}") = "FPDungeon", "Assembly-CSharp.csproj", "{8D5CFCF4-4699-F5D7-09D3-FE1F3EF01B7E}"
EndProject
Global
	GlobalSection(SolutionConfigurationPlatforms) = preSolution
		Debug|Any CPU = Debug|Any CPU
		Release|Any CPU = Release|Any CPU
	EndGlobalSection
	GlobalSection(ProjectConfigurationPlatforms) = postSolution
		{8D5CFCF4-4699-F5D7-09D3-FE1F3EF01B7E}.Debug|Any CPU.ActiveCfg = Debug|Any CPU
		{8D5CFCF4-4699-F5D7-09D3-FE1F3EF01B7E}.Debug|Any CPU.Build.0 = Debug|Any CPU
		{8D5CFCF4-4699-F5D7-09D3-FE1F3EF01B7E}.Release|Any CPU.ActiveCfg = Release|Any CPU
		{8D5CFCF4-4699-F5D7-09D3-FE1F3EF01B7E}.Release|Any CPU.Build.0 = Release|Any CPU
	EndGlobalSection
	GlobalSection(SolutionProperties) = preSolution
		HideSolutionNode = FALSE
	EndGlobalSection
	GlobalSection(MonoDevelopProperties) = preSolution
		StartupItem = Assembly-CSharp.csproj
	EndGlobalSection
EndGlobal
